
Microsoft Visual Studio Solution File, Format Version 12.00
# Visual Studio Version 16
VisualStudioVersion = 16.0.30523.141
MinimumVisualStudioVersion = 10.0.40219.1
Project("{FAE04EC0-301F-11D3-BF4B-00C04F79EFBC}") = "WebAppYN", "WebAppYN.csproj", "{F211CAAB-0F6F-4E9E-AC49-378DD5CD9701}"
EndProject
Global
	GlobalSection(SolutionConfigurationPlatforms) = preSolution
		Debug|Any CPU = Debug|Any CPU
		Release|Any CPU = Release|Any CPU
	EndGlobalSection
	GlobalSection(ProjectConfigurationPlatforms) = postSolution
		{F211CAAB-0F6F-4E9E-AC49-378DD5CD9701}.Debug|Any CPU.ActiveCfg = Debug|Any CPU
		{F211CAAB-0F6F-4E9E-AC49-378DD5CD9701}.Debug|Any CPU.Build.0 = Debug|Any CPU
		{F211CAAB-0F6F-4E9E-AC49-378DD5CD9701}.Release|Any CPU.ActiveCfg = Release|Any CPU
		{F211CAAB-0F6F-4E9E-AC49-378DD5CD9701}.Release|Any CPU.Build.0 = Release|Any CPU
	EndGlobalSection
	GlobalSection(SolutionProperties) = preSolution
		HideSolutionNode = FALSE
	EndGlobalSection
	GlobalSection(ExtensibilityGlobals) = postSolution
		SolutionGuid = {F33C14FF-5765-4719-A51E-2C2853BC11E7}
	EndGlobalSection
EndGlobal
